
Microsoft Visual Studio Solution File, Format Version 12.00
# Visual Studio Version 16
VisualStudioVersion = 16.0.31613.86
MinimumVisualStudioVersion = 10.0.40219.1
Project("{FAE04EC0-301F-11D3-BF4B-00C04F79EFBC}") = "OOP-LAB-4", "OOP-LAB-4\OOP-LAB-4.csproj", "{4165EEFB-87CD-42A6-A717-DEA62D2F79BD}"
EndProject
Global
	GlobalSection(SolutionConfigurationPlatforms) = preSolution
		Debug|Any CPU = Debug|Any CPU
		Release|Any CPU = Release|Any CPU
	EndGlobalSection
	GlobalSection(ProjectConfigurationPlatforms) = postSolution
		{4165EEFB-87CD-42A6-A717-DEA62D2F79BD}.Debug|Any CPU.ActiveCfg = Debug|Any CPU
		{4165EEFB-87CD-42A6-A717-DEA62D2F79BD}.Debug|Any CPU.Build.0 = Debug|Any CPU
		{4165EEFB-87CD-42A6-A717-DEA62D2F79BD}.Release|Any CPU.ActiveCfg = Release|Any CPU
		{4165EEFB-87CD-42A6-A717-DEA62D2F79BD}.Release|Any CPU.Build.0 = Release|Any CPU
	EndGlobalSection
	GlobalSection(SolutionProperties) = preSolution
		HideSolutionNode = FALSE
	EndGlobalSection
	GlobalSection(ExtensibilityGlobals) = postSolution
		SolutionGuid = {54B84EDB-ECE4-44F9-8F1B-8A5C4DD5E197}
	EndGlobalSection
EndGlobal
